// !$*UTF8*$!
{
	archiveVersion = 1;
	classes = {
	};
	objectVersion = 50;
	objects = {

/* Begin PBXBuildFile section */
		3A200DBA236C747600B60ADC /* GameElements.swift in Sources */ = {isa = PBXBuildFile; fileRef = 3A200DB9236C747500B60ADC /* GameElements.swift */; };
		3AA4306C23950F4900F987AB /* SwiftUIView.swift in Sources */ = {isa = PBXBuildFile; fileRef = 3AA4306B23950F4900F987AB /* SwiftUIView.swift */; };
		65B76FE02362EC7C00B3D14A /* AppDelegate.swift in Sources */ = {isa = PBXBuildFile; fileRef = 65B76FDF2362EC7C00B3D14A /* AppDelegate.swift */; };
		65B76FE22362EC7C00B3D14A /* GameScene.sks in Resources */ = {isa = PBXBuildFile; fileRef = 65B76FE12362EC7C00B3D14A /* GameScene.sks */; };
		65B76FE42362EC7C00B3D14A /* Actions.sks in Resources */ = {isa = PBXBuildFile; fileRef = 65B76FE32362EC7C00B3D14A /* Actions.sks */; };
		65B76FE62362EC7C00B3D14A /* GameScene.swift in Sources */ = {isa = PBXBuildFile; fileRef = 65B76FE52362EC7C00B3D14A /* GameScene.swift */; };
		65B76FE82362EC7C00B3D14A /* GameViewController.swift in Sources */ = {isa = PBXBuildFile; fileRef = 65B76FE72362EC7C00B3D14A /* GameViewController.swift */; };
		65B76FEB2362EC7C00B3D14A /* Main.storyboard in Resources */ = {isa = PBXBuildFile; fileRef = 65B76FE92362EC7C00B3D14A /* Main.storyboard */; };
		65B76FED2362EC7E00B3D14A /* Assets.xcassets in Resources */ = {isa = PBXBuildFile; fileRef = 65B76FEC2362EC7E00B3D14A /* Assets.xcassets */; };
		65B76FF02362EC7E00B3D14A /* LaunchScreen.storyboard in Resources */ = {isa = PBXBuildFile; fileRef = 65B76FEE2362EC7E00B3D14A /* LaunchScreen.storyboard */; };
		65B76FFB2362EC7E00B3D14A /* FlyingPigletTests.swift in Sources */ = {isa = PBXBuildFile; fileRef = 65B76FFA2362EC7E00B3D14A /* FlyingPigletTests.swift */; };
		65B770062362EC7E00B3D14A /* FlyingPigletUITests.swift in Sources */ = {isa = PBXBuildFile; fileRef = 65B770052362EC7E00B3D14A /* FlyingPigletUITests.swift */; };
		65B770142362FDFC00B3D14A /* MainMenu.sks in Resources */ = {isa = PBXBuildFile; fileRef = 65B770132362FDFC00B3D14A /* MainMenu.sks */; };
		65B770162363053E00B3D14A /* MSButtonNode.swift in Sources */ = {isa = PBXBuildFile; fileRef = 65B770152363053E00B3D14A /* MSButtonNode.swift */; };
		65B77018236310CD00B3D14A /* MainMenu.swift in Sources */ = {isa = PBXBuildFile; fileRef = 65B77017236310CD00B3D14A /* MainMenu.swift */; };
		65F7AB4D2366D77D00EF2B21 /* helpScene.sks in Resources */ = {isa = PBXBuildFile; fileRef = 65F7AB4C2366D77D00EF2B21 /* helpScene.sks */; };
		65F7AB4F2366DC1500EF2B21 /* highScene.sks in Resources */ = {isa = PBXBuildFile; fileRef = 65F7AB4E2366DC1500EF2B21 /* highScene.sks */; };
		65F7AB512366E4D000EF2B21 /* highScene.swift in Sources */ = {isa = PBXBuildFile; fileRef = 65F7AB502366E4D000EF2B21 /* highScene.swift */; };
		65F7AB532366E67800EF2B21 /* helpScene.swift in Sources */ = {isa = PBXBuildFile; fileRef = 65F7AB522366E67800EF2B21 /* helpScene.swift */; };
		65F7AB552366E9AF00EF2B21 /* settingScene.sks in Resources */ = {isa = PBXBuildFile; fileRef = 65F7AB542366E9AF00EF2B21 /* settingScene.sks */; };
		65F7AB572366EA6100EF2B21 /* settingScene.swift in Sources */ = {isa = PBXBuildFile; fileRef = 65F7AB562366EA6100EF2B21 /* settingScene.swift */; };
/* End PBXBuildFile section */

/* Begin PBXContainerItemProxy section */
		65B76FF72362EC7E00B3D14A /* PBXContainerItemProxy */ = {
			isa = PBXContainerItemProxy;
			containerPortal = 65B76FD42362EC7B00B3D14A /* Project object */;
			proxyType = 1;
			remoteGlobalIDString = 65B76FDB2362EC7C00B3D14A;
			remoteInfo = FlyingPiglet;
		};
		65B770022362EC7E00B3D14A /* PBXContainerItemProxy */ = {
			isa = PBXContainerItemProxy;
			containerPortal = 65B76FD42362EC7B00B3D14A /* Project object */;
			proxyType = 1;
			remoteGlobalIDString = 65B76FDB2362EC7C00B3D14A;
			remoteInfo = FlyingPiglet;
		};
/* End PBXContainerItemProxy section */

/* Begin PBXFileReference section */
		3A200DB9236C747500B60ADC /* GameElements.swift */ = {isa = PBXFileReference; lastKnownFileType = sourcecode.swift; path = GameElements.swift; sourceTree = "<group>"; };
		3AA4306B23950F4900F987AB /* SwiftUIView.swift */ = {isa = PBXFileReference; lastKnownFileType = sourcecode.swift; path = SwiftUIView.swift; sourceTree = "<group>"; };
		65B76FDC2362EC7C00B3D14A /* FlyingPiglet.app */ = {isa = PBXFileReference; explicitFileType = wrapper.application; includeInIndex = 0; path = FlyingPiglet.app; sourceTree = BUILT_PRODUCTS_DIR; };
		65B76FDF2362EC7C00B3D14A /* AppDelegate.swift */ = {isa = PBXFileReference; lastKnownFileType = sourcecode.swift; path = AppDelegate.swift; sourceTree = "<group>"; };
		65B76FE12362EC7C00B3D14A /* GameScene.sks */ = {isa = PBXFileReference; lastKnownFileType = file.sks; path = GameScene.sks; sourceTree = "<group>"; };
		65B76FE32362EC7C00B3D14A /* Actions.sks */ = {isa = PBXFileReference; lastKnownFileType = file.sks; path = Actions.sks; sourceTree = "<group>"; };
		65B76FE52362EC7C00B3D14A /* GameScene.swift */ = {isa = PBXFileReference; lastKnownFileType = sourcecode.swift; path = GameScene.swift; sourceTree = "<group>"; };
		65B76FE72362EC7C00B3D14A /* GameViewController.swift */ = {isa = PBXFileReference; lastKnownFileType = sourcecode.swift; path = GameViewController.swift; sourceTree = "<group>"; };
		65B76FEA2362EC7C00B3D14A /* Base */ = {isa = PBXFileReference; lastKnownFileType = file.storyboard; name = Base; path = Base.lproj/Main.storyboard; sourceTree = "<group>"; };
		65B76FEC2362EC7E00B3D14A /* Assets.xcassets */ = {isa = PBXFileReference; lastKnownFileType = folder.assetcatalog; path = Assets.xcassets; sourceTree = "<group>"; };
		65B76FEF2362EC7E00B3D14A /* Base */ = {isa = PBXFileReference; lastKnownFileType = file.storyboard; name = Base; path = Base.lproj/LaunchScreen.storyboard; sourceTree = "<group>"; };
		65B76FF12362EC7E00B3D14A /* Info.plist */ = {isa = PBXFileReference; lastKnownFileType = text.plist.xml; path = Info.plist; sourceTree = "<group>"; };
		65B76FF62362EC7E00B3D14A /* FlyingPigletTests.xctest */ = {isa = PBXFileReference; explicitFileType = wrapper.cfbundle; includeInIndex = 0; path = FlyingPigletTests.xctest; sourceTree = BUILT_PRODUCTS_DIR; };
		65B76FFA2362EC7E00B3D14A /* FlyingPigletTests.swift */ = {isa = PBXFileReference; lastKnownFileType = sourcecode.swift; path = FlyingPigletTests.swift; sourceTree = "<group>"; };
		65B76FFC2362EC7E00B3D14A /* Info.plist */ = {isa = PBXFileReference; lastKnownFileType = text.plist.xml; path = Info.plist; sourceTree = "<group>"; };
		65B770012362EC7E00B3D14A /* FlyingPigletUITests.xctest */ = {isa = PBXFileReference; explicitFileType = wrapper.cfbundle; includeInIndex = 0; path = FlyingPigletUITests.xctest; sourceTree = BUILT_PRODUCTS_DIR; };
		65B770052362EC7E00B3D14A /* FlyingPigletUITests.swift */ = {isa = PBXFileReference; lastKnownFileType = sourcecode.swift; path = FlyingPigletUITests.swift; sourceTree = "<group>"; };
		65B770072362EC7E00B3D14A /* Info.plist */ = {isa = PBXFileReference; lastKnownFileType = text.plist.xml; path = Info.plist; sourceTree = "<group>"; };
		65B770132362FDFC00B3D14A /* MainMenu.sks */ = {isa = PBXFileReference; lastKnownFileType = file.sks; path = MainMenu.sks; sourceTree = "<group>"; };
		65B770152363053E00B3D14A /* MSButtonNode.swift */ = {isa = PBXFileReference; lastKnownFileType = sourcecode.swift; path = MSButtonNode.swift; sourceTree = "<group>"; };
		65B77017236310CD00B3D14A /* MainMenu.swift */ = {isa = PBXFileReference; lastKnownFileType = sourcecode.swift; path = MainMenu.swift; sourceTree = "<group>"; };
		65F7AB4C2366D77D00EF2B21 /* helpScene.sks */ = {isa = PBXFileReference; lastKnownFileType = file.sks; path = helpScene.sks; sourceTree = "<group>"; };
		65F7AB4E2366DC1500EF2B21 /* highScene.sks */ = {isa = PBXFileReference; lastKnownFileType = file.sks; path = highScene.sks; sourceTree = "<group>"; };
		65F7AB502366E4D000EF2B21 /* highScene.swift */ = {isa = PBXFileReference; lastKnownFileType = sourcecode.swift; path = highScene.swift; sourceTree = "<group>"; };
		65F7AB522366E67800EF2B21 /* helpScene.swift */ = {isa = PBXFileReference; lastKnownFileType = sourcecode.swift; path = helpScene.swift; sourceTree = "<group>"; };
		65F7AB542366E9AF00EF2B21 /* settingScene.sks */ = {isa = PBXFileReference; lastKnownFileType = file.sks; path = settingScene.sks; sourceTree = "<group>"; };
		65F7AB562366EA6100EF2B21 /* settingScene.swift */ = {isa = PBXFileReference; lastKnownFileType = sourcecode.swift; path = settingScene.swift; sourceTree = "<group>"; };
/* End PBXFileReference section */

/* Begin PBXFrameworksBuildPhase section */
		65B76FD92362EC7C00B3D14A /* Frameworks */ = {
			isa = PBXFrameworksBuildPhase;
			buildActionMask = 2147483647;
			files = (
			);
			runOnlyForDeploymentPostprocessing = 0;
		};
		65B76FF32362EC7E00B3D14A /* Frameworks */ = {
			isa = PBXFrameworksBuildPhase;
			buildActionMask = 2147483647;
			files = (
			);
			runOnlyForDeploymentPostprocessing = 0;
		};
		65B76FFE2362EC7E00B3D14A /* Frameworks */ = {
			isa = PBXFrameworksBuildPhase;
			buildActionMask = 2147483647;
			files = (
			);
			runOnlyForDeploymentPostprocessing = 0;
		};
/* End PBXFrameworksBuildPhase section */

/* Begin PBXGroup section */
		65B76FD32362EC7B00B3D14A = {
			isa = PBXGroup;
			children = (
				65B76FDE2362EC7C00B3D14A /* FlyingPiglet */,
				65B76FF92362EC7E00B3D14A /* FlyingPigletTests */,
				65B770042362EC7E00B3D14A /* FlyingPigletUITests */,
				65B76FDD2362EC7C00B3D14A /* Products */,
			);
			sourceTree = "<group>";
		};
		65B76FDD2362EC7C00B3D14A /* Products */ = {
			isa = PBXGroup;
			children = (
				65B76FDC2362EC7C00B3D14A /* FlyingPiglet.app */,
				65B76FF62362EC7E00B3D14A /* FlyingPigletTests.xctest */,
				65B770012362EC7E00B3D14A /* FlyingPigletUITests.xctest */,
			);
			name = Products;
			sourceTree = "<group>";
		};
		65B76FDE2362EC7C00B3D14A /* FlyingPiglet */ = {
			isa = PBXGroup;
			children = (
				65B76FDF2362EC7C00B3D14A /* AppDelegate.swift */,
				65B76FE12362EC7C00B3D14A /* GameScene.sks */,
				65B76FE32362EC7C00B3D14A /* Actions.sks */,
				65B76FE52362EC7C00B3D14A /* GameScene.swift */,
				3AA4306B23950F4900F987AB /* SwiftUIView.swift */,
				3A200DB9236C747500B60ADC /* GameElements.swift */,
				65B76FE72362EC7C00B3D14A /* GameViewController.swift */,
				65B770132362FDFC00B3D14A /* MainMenu.sks */,
				65B77017236310CD00B3D14A /* MainMenu.swift */,
				65F7AB522366E67800EF2B21 /* helpScene.swift */,
				65F7AB542366E9AF00EF2B21 /* settingScene.sks */,
				65F7AB562366EA6100EF2B21 /* settingScene.swift */,
				65F7AB502366E4D000EF2B21 /* highScene.swift */,
				65F7AB4E2366DC1500EF2B21 /* highScene.sks */,
				65F7AB4C2366D77D00EF2B21 /* helpScene.sks */,
				65B770152363053E00B3D14A /* MSButtonNode.swift */,
				65B76FE92362EC7C00B3D14A /* Main.storyboard */,
				65B76FEC2362EC7E00B3D14A /* Assets.xcassets */,
				65B76FEE2362EC7E00B3D14A /* LaunchScreen.storyboard */,
				65B76FF12362EC7E00B3D14A /* Info.plist */,
			);
			path = FlyingPiglet;
			sourceTree = "<group>";
		};
		65B76FF92362EC7E00B3D14A /* FlyingPigletTests */ = {
			isa = PBXGroup;
			children = (
				65B76FFA2362EC7E00B3D14A /* FlyingPigletTests.swift */,
				65B76FFC2362EC7E00B3D14A /* Info.plist */,
			);
			path = FlyingPigletTests;
			sourceTree = "<group>";
		};
		65B770042362EC7E00B3D14A /* FlyingPigletUITests */ = {
			isa = PBXGroup;
			children = (
				65B770052362EC7E00B3D14A /* FlyingPigletUITests.swift */,
				65B770072362EC7E00B3D14A /* Info.plist */,
			);
			path = FlyingPigletUITests;
			sourceTree = "<group>";
		};
/* End PBXGroup section */

/* Begin PBXNativeTarget section */
		65B76FDB2362EC7C00B3D14A /* FlyingPiglet */ = {
			isa = PBXNativeTarget;
			buildConfigurationList = 65B7700A2362EC7E00B3D14A /* Build configuration list for PBXNativeTarget "FlyingPiglet" */;
			buildPhases = (
				65B76FD82362EC7C00B3D14A /* Sources */,
				65B76FD92362EC7C00B3D14A /* Frameworks */,
				65B76FDA2362EC7C00B3D14A /* Resources */,
			);
			buildRules = (
			);
			dependencies = (
			);
			name = FlyingPiglet;
			productName = FlyingPiglet;
			productReference = 65B76FDC2362EC7C00B3D14A /* FlyingPiglet.app */;
			productType = "com.apple.product-type.application";
		};
		65B76FF52362EC7E00B3D14A /* FlyingPigletTests */ = {
			isa = PBXNativeTarget;
			buildConfigurationList = 65B7700D2362EC7E00B3D14A /* Build configuration list for PBXNativeTarget "FlyingPigletTests" */;
			buildPhases = (
				65B76FF22362EC7E00B3D14A /* Sources */,
				65B76FF32362EC7E00B3D14A /* Frameworks */,
				65B76FF42362EC7E00B3D14A /* Resources */,
			);
			buildRules = (
			);
			dependencies = (
				65B76FF82362EC7E00B3D14A /* PBXTargetDependency */,
			);
			name = FlyingPigletTests;
			productName = FlyingPigletTests;
			productReference = 65B76FF62362EC7E00B3D14A /* FlyingPigletTests.xctest */;
			productType = "com.apple.product-type.bundle.unit-test";
		};
		65B770002362EC7E00B3D14A /* FlyingPigletUITests */ = {
			isa = PBXNativeTarget;
			buildConfigurationList = 65B770102362EC7E00B3D14A /* Build configuration list for PBXNativeTarget "FlyingPigletUITests" */;
			buildPhases = (
				65B76FFD2362EC7E00B3D14A /* Sources */,
				65B76FFE2362EC7E00B3D14A /* Frameworks */,
				65B76FFF2362EC7E00B3D14A /* Resources */,
			);
			buildRules = (
			);
			dependencies = (
				65B770032362EC7E00B3D14A /* PBXTargetDependency */,
			);
			name = FlyingPigletUITests;
			productName = FlyingPigletUITests;
			productReference = 65B770012362EC7E00B3D14A /* FlyingPigletUITests.xctest */;
			productType = "com.apple.product-type.bundle.ui-testing";
		};
/* End PBXNativeTarget section */

/* Begin PBXProject section */
		65B76FD42362EC7B00B3D14A /* Project object */ = {
			isa = PBXProject;
			attributes = {
				LastSwiftUpdateCheck = 1110;
				LastUpgradeCheck = 1110;
				ORGANIZATIONNAME = "Peter Obling";
				TargetAttributes = {
					65B76FDB2362EC7C00B3D14A = {
						CreatedOnToolsVersion = 11.1;
					};
					65B76FF52362EC7E00B3D14A = {
						CreatedOnToolsVersion = 11.1;
						TestTargetID = 65B76FDB2362EC7C00B3D14A;
					};
					65B770002362EC7E00B3D14A = {
						CreatedOnToolsVersion = 11.1;
						TestTargetID = 65B76FDB2362EC7C00B3D14A;
					};
				};
			};
			buildConfigurationList = 65B76FD72362EC7B00B3D14A /* Build configuration list for PBXProject "FlyingPiglet" */;
			compatibilityVersion = "Xcode 9.3";
			developmentRegion = en;
			hasScannedForEncodings = 0;
			knownRegions = (
				en,
				Base,
			);
			mainGroup = 65B76FD32362EC7B00B3D14A;
			productRefGroup = 65B76FDD2362EC7C00B3D14A /* Products */;
			projectDirPath = "";
			projectRoot = "";
			targets = (
				65B76FDB2362EC7C00B3D14A /* FlyingPiglet */,
				65B76FF52362EC7E00B3D14A /* FlyingPigletTests */,
				65B770002362EC7E00B3D14A /* FlyingPigletUITests */,
			);
		};
/* End PBXProject section */

/* Begin PBXResourcesBuildPhase section */
		65B76FDA2362EC7C00B3D14A /* Resources */ = {
			isa = PBXResourcesBuildPhase;
			buildActionMask = 2147483647;
			files = (
				65B76FEB2362EC7C00B3D14A /* Main.storyboard in Resources */,
				65B770142362FDFC00B3D14A /* MainMenu.sks in Resources */,
				65F7AB4F2366DC1500EF2B21 /* highScene.sks in Resources */,
				65F7AB4D2366D77D00EF2B21 /* helpScene.sks in Resources */,
				65F7AB552366E9AF00EF2B21 /* settingScene.sks in Resources */,
				65B76FE22362EC7C00B3D14A /* GameScene.sks in Resources */,
				65B76FED2362EC7E00B3D14A /* Assets.xcassets in Resources */,
				65B76FF02362EC7E00B3D14A /* LaunchScreen.storyboard in Resources */,
				65B76FE42362EC7C00B3D14A /* Actions.sks in Resources */,
			);
			runOnlyForDeploymentPostprocessing = 0;
		};
		65B76FF42362EC7E00B3D14A /* Resources */ = {
			isa = PBXResourcesBuildPhase;
			buildActionMask = 2147483647;
			files = (
			);
			runOnlyForDeploymentPostprocessing = 0;
		};
		65B76FFF2362EC7E00B3D14A /* Resources */ = {
			isa = PBXResourcesBuildPhase;
			buildActionMask = 2147483647;
			files = (
			);
			runOnlyForDeploymentPostprocessing = 0;
		};
/* End PBXResourcesBuildPhase section */

/* Begin PBXSourcesBuildPhase section */
		65B76FD82362EC7C00B3D14A /* Sources */ = {
			isa = PBXSourcesBuildPhase;
			buildActionMask = 2147483647;
			files = (
				3A200DBA236C747600B60ADC /* GameElements.swift in Sources */,
				65F7AB512366E4D000EF2B21 /* highScene.swift in Sources */,
				65F7AB572366EA6100EF2B21 /* settingScene.swift in Sources */,
				65F7AB532366E67800EF2B21 /* helpScene.swift in Sources */,
				3AA4306C23950F4900F987AB /* SwiftUIView.swift in Sources */,
				65B77018236310CD00B3D14A /* MainMenu.swift in Sources */,
				65B76FE62362EC7C00B3D14A /* GameScene.swift in Sources */,
				65B76FE82362EC7C00B3D14A /* GameViewController.swift in Sources */,
				65B76FE02362EC7C00B3D14A /* AppDelegate.swift in Sources */,
				65B770162363053E00B3D14A /* MSButtonNode.swift in Sources */,
			);
			runOnlyForDeploymentPostprocessing = 0;
		};
		65B76FF22362EC7E00B3D14A /* Sources */ = {
			isa = PBXSourcesBuildPhase;
			buildActionMask = 2147483647;
			files = (
				65B76FFB2362EC7E00B3D14A /* FlyingPigletTests.swift in Sources */,
			);
			runOnlyForDeploymentPostprocessing = 0;
		};
		65B76FFD2362EC7E00B3D14A /* Sources */ = {
			isa = PBXSourcesBuildPhase;
			buildActionMask = 2147483647;
			files = (
				65B770062362EC7E00B3D14A /* FlyingPigletUITests.swift in Sources */,
			);
			runOnlyForDeploymentPostprocessing = 0;
		};
/* End PBXSourcesBuildPhase section */

/* Begin PBXTargetDependency section */
		65B76FF82362EC7E00B3D14A /* PBXTargetDependency */ = {
			isa = PBXTargetDependency;
			target = 65B76FDB2362EC7C00B3D14A /* FlyingPiglet */;
			targetProxy = 65B76FF72362EC7E00B3D14A /* PBXContainerItemProxy */;
		};
		65B770032362EC7E00B3D14A /* PBXTargetDependency */ = {
			isa = PBXTargetDependency;
			target = 65B76FDB2362EC7C00B3D14A /* FlyingPiglet */;
			targetProxy = 65B770022362EC7E00B3D14A /* PBXContainerItemProxy */;
		};
/* End PBXTargetDependency section */

/* Begin PBXVariantGroup section */
		65B76FE92362EC7C00B3D14A /* Main.storyboard */ = {
			isa = PBXVariantGroup;
			children = (
				65B76FEA2362EC7C00B3D14A /* Base */,
			);
			name = Main.storyboard;
			sourceTree = "<group>";
		};
		65B76FEE2362EC7E00B3D14A /* LaunchScreen.storyboard */ = {
			isa = PBXVariantGroup;
			children = (
				65B76FEF2362EC7E00B3D14A /* Base */,
			);
			name = LaunchScreen.storyboard;
			sourceTree = "<group>";
		};
/* End PBXVariantGroup section */

/* Begin XCBuildConfiguration section */
		65B770082362EC7E00B3D14A /* Debug */ = {
			isa = XCBuildConfiguration;
			buildSettings = {
				ALWAYS_SEARCH_USER_PATHS = NO;
				CLANG_ANALYZER_NONNULL = YES;
				CLANG_ANALYZER_NUMBER_OBJECT_CONVERSION = YES_AGGRESSIVE;
				CLANG_CXX_LANGUAGE_STANDARD = "gnu++14";
				CLANG_CXX_LIBRARY = "libc++";
				CLANG_ENABLE_MODULES = YES;
				CLANG_ENABLE_OBJC_ARC = YES;
				CLANG_ENABLE_OBJC_WEAK = YES;
				CLANG_WARN_BLOCK_CAPTURE_AUTORELEASING = YES;
				CLANG_WARN_BOOL_CONVERSION = YES;
				CLANG_WARN_COMMA = YES;
				CLANG_WARN_CONSTANT_CONVERSION = YES;
				CLANG_WARN_DEPRECATED_OBJC_IMPLEMENTATIONS = YES;
				CLANG_WARN_DIRECT_OBJC_ISA_USAGE = YES_ERROR;
				CLANG_WARN_DOCUMENTATION_COMMENTS = YES;
				CLANG_WARN_EMPTY_BODY = YES;
				CLANG_WARN_ENUM_CONVERSION = YES;
				CLANG_WARN_INFINITE_RECURSION = YES;
				CLANG_WARN_INT_CONVERSION = YES;
				CLANG_WARN_NON_LITERAL_NULL_CONVERSION = YES;
				CLANG_WARN_OBJC_IMPLICIT_RETAIN_SELF = YES;
				CLANG_WARN_OBJC_LITERAL_CONVERSION = YES;
				CLANG_WARN_OBJC_ROOT_CLASS = YES_ERROR;
				CLANG_WARN_RANGE_LOOP_ANALYSIS = YES;
				CLANG_WARN_STRICT_PROTOTYPES = YES;
				CLANG_WARN_SUSPICIOUS_MOVE = YES;
				CLANG_WARN_UNGUARDED_AVAILABILITY = YES_AGGRESSIVE;
				CLANG_WARN_UNREACHABLE_CODE = YES;
				CLANG_WARN__DUPLICATE_METHOD_MATCH = YES;
				COPY_PHASE_STRIP = NO;
				DEBUG_INFORMATION_FORMAT = dwarf;
				ENABLE_STRICT_OBJC_MSGSEND = YES;
				ENABLE_TESTABILITY = YES;
				GCC_C_LANGUAGE_STANDARD = gnu11;
				GCC_DYNAMIC_NO_PIC = NO;
				GCC_NO_COMMON_BLOCKS = YES;
				GCC_OPTIMIZATION_LEVEL = 0;
				GCC_PREPROCESSOR_DEFINITIONS = (
					"DEBUG=1",
					"$(inherited)",
				);
				GCC_WARN_64_TO_32_BIT_CONVERSION = YES;
				GCC_WARN_ABOUT_RETURN_TYPE = YES_ERROR;
				GCC_WARN_UNDECLARED_SELECTOR = YES;
				GCC_WARN_UNINITIALIZED_AUTOS = YES_AGGRESSIVE;
				GCC_WARN_UNUSED_FUNCTION = YES;
				GCC_WARN_UNUSED_VARIABLE = YES;
				IPHONEOS_DEPLOYMENT_TARGET = 13.1;
				MTL_ENABLE_DEBUG_INFO = INCLUDE_SOURCE;
				MTL_FAST_MATH = YES;
				ONLY_ACTIVE_ARCH = YES;
				SDKROOT = iphoneos;
				SWIFT_ACTIVE_COMPILATION_CONDITIONS = DEBUG;
				SWIFT_OPTIMIZATION_LEVEL = "-Onone";
			};
			name = Debug;
		};
		65B770092362EC7E00B3D14A /* Release */ = {
			isa = XCBuildConfiguration;
			buildSettings = {
				ALWAYS_SEARCH_USER_PATHS = NO;
				CLANG_ANALYZER_NONNULL = YES;
				CLANG_ANALYZER_NUMBER_OBJECT_CONVERSION = YES_AGGRESSIVE;
				CLANG_CXX_LANGUAGE_STANDARD = "gnu++14";
				CLANG_CXX_LIBRARY = "libc++";
				CLANG_ENABLE_MODULES = YES;
				CLANG_ENABLE_OBJC_ARC = YES;
				CLANG_ENABLE_OBJC_WEAK = YES;
				CLANG_WARN_BLOCK_CAPTURE_AUTORELEASING = YES;
				CLANG_WARN_BOOL_CONVERSION = YES;
				CLANG_WARN_COMMA = YES;
				CLANG_WARN_CONSTANT_CONVERSION = YES;
				CLANG_WARN_DEPRECATED_OBJC_IMPLEMENTATIONS = YES;
				CLANG_WARN_DIRECT_OBJC_ISA_USAGE = YES_ERROR;
				CLANG_WARN_DOCUMENTATION_COMMENTS = YES;
				CLANG_WARN_EMPTY_BODY = YES;
				CLANG_WARN_ENUM_CONVERSION = YES;
				CLANG_WARN_INFINITE_RECURSION = YES;
				CLANG_WARN_INT_CONVERSION = YES;
				CLANG_WARN_NON_LITERAL_NULL_CONVERSION = YES;
				CLANG_WARN_OBJC_IMPLICIT_RETAIN_SELF = YES;
				CLANG_WARN_OBJC_LITERAL_CONVERSION = YES;
				CLANG_WARN_OBJC_ROOT_CLASS = YES_ERROR;
				CLANG_WARN_RANGE_LOOP_ANALYSIS = YES;
				CLANG_WARN_STRICT_PROTOTYPES = YES;
				CLANG_WARN_SUSPICIOUS_MOVE = YES;
				CLANG_WARN_UNGUARDED_AVAILABILITY = YES_AGGRESSIVE;
				CLANG_WARN_UNREACHABLE_CODE = YES;
				CLANG_WARN__DUPLICATE_METHOD_MATCH = YES;
				COPY_PHASE_STRIP = NO;
				DEBUG_INFORMATION_FORMAT = "dwarf-with-dsym";
				ENABLE_NS_ASSERTIONS = NO;
				ENABLE_STRICT_OBJC_MSGSEND = YES;
				GCC_C_LANGUAGE_STANDARD = gnu11;
				GCC_NO_COMMON_BLOCKS = YES;
				GCC_WARN_64_TO_32_BIT_CONVERSION = YES;
				GCC_WARN_ABOUT_RETURN_TYPE = YES_ERROR;
				GCC_WARN_UNDECLARED_SELECTOR = YES;
				GCC_WARN_UNINITIALIZED_AUTOS = YES_AGGRESSIVE;
				GCC_WARN_UNUSED_FUNCTION = YES;
				GCC_WARN_UNUSED_VARIABLE = YES;
				IPHONEOS_DEPLOYMENT_TARGET = 13.1;
				MTL_ENABLE_DEBUG_INFO = NO;
				MTL_FAST_MATH = YES;
				SDKROOT = iphoneos;
				SWIFT_COMPILATION_MODE = wholemodule;
				SWIFT_OPTIMIZATION_LEVEL = "-O";
				VALIDATE_PRODUCT = YES;
			};
			name = Release;
		};
		65B7700B2362EC7E00B3D14A /* Debug */ = {
			isa = XCBuildConfiguration;
			buildSettings = {
				ASSETCATALOG_COMPILER_APPICON_NAME = AppIcon;
				CODE_SIGN_STYLE = Automatic;
				DEVELOPMENT_TEAM = 4XD89W7Z43;
				INFOPLIST_FILE = FlyingPiglet/Info.plist;
				IPHONEOS_DEPLOYMENT_TARGET = 12.4;
				LD_RUNPATH_SEARCH_PATHS = (
					"$(inherited)",
					"@executable_path/Frameworks",
				);
				PRODUCT_BUNDLE_IDENTIFIER = dk.sdu.student.peobl17.FlyingPiglet;
				PRODUCT_NAME = "$(TARGET_NAME)";
				SWIFT_VERSION = 5.0;
				TARGETED_DEVICE_FAMILY = "1,2";
			};
			name = Debug;
		};
		65B7700C2362EC7E00B3D14A /* Release */ = {
			isa = XCBuildConfiguration;
			buildSettings = {
				ASSETCATALOG_COMPILER_APPICON_NAME = AppIcon;
				CODE_SIGN_STYLE = Automatic;
				DEVELOPMENT_TEAM = 4XD89W7Z43;
				INFOPLIST_FILE = FlyingPiglet/Info.plist;
				IPHONEOS_DEPLOYMENT_TARGET = 12.4;
				LD_RUNPATH_SEARCH_PATHS = (
					"$(inherited)",
					"@executable_path/Frameworks",
				);
				PRODUCT_BUNDLE_IDENTIFIER = dk.sdu.student.peobl17.FlyingPiglet;
				PRODUCT_NAME = "$(TARGET_NAME)";
				SWIFT_VERSION = 5.0;
				TARGETED_DEVICE_FAMILY = "1,2";
			};
			name = Release;
		};
		65B7700E2362EC7E00B3D14A /* Debug */ = {
			isa = XCBuildConfiguration;
			buildSettings = {
				ALWAYS_EMBED_SWIFT_STANDARD_LIBRARIES = YES;
				BUNDLE_LOADER = "$(TEST_HOST)";
				CODE_SIGN_STYLE = Automatic;
				INFOPLIST_FILE = FlyingPigletTests/Info.plist;
				IPHONEOS_DEPLOYMENT_TARGET = 13.1;
				LD_RUNPATH_SEARCH_PATHS = (
					"$(inherited)",
					"@executable_path/Frameworks",
					"@loader_path/Frameworks",
				);
				PRODUCT_BUNDLE_IDENTIFIER = dk.sdu.student.peobl17.FlyingPigletTests;
				PRODUCT_NAME = "$(TARGET_NAME)";
				SWIFT_VERSION = 5.0;
				TARGETED_DEVICE_FAMILY = "1,2";
				TEST_HOST = "$(BUILT_PRODUCTS_DIR)/FlyingPiglet.app/FlyingPiglet";
			};
			name = Debug;
		};
		65B7700F2362EC7E00B3D14A /* Release */ = {
			isa = XCBuildConfiguration;
			buildSettings = {
				ALWAYS_EMBED_SWIFT_STANDARD_LIBRARIES = YES;
				BUNDLE_LOADER = "$(TEST_HOST)";
				CODE_SIGN_STYLE = Automatic;
				INFOPLIST_FILE = FlyingPigletTests/Info.plist;
				IPHONEOS_DEPLOYMENT_TARGET = 13.1;
				LD_RUNPATH_SEARCH_PATHS = (
					"$(inherited)",
					"@executable_path/Frameworks",
					"@loader_path/Frameworks",
				);
				PRODUCT_BUNDLE_IDENTIFIER = dk.sdu.student.peobl17.FlyingPigletTests;
				PRODUCT_NAME = "$(TARGET_NAME)";
				SWIFT_VERSION = 5.0;
				TARGETED_DEVICE_FAMILY = "1,2";
				TEST_HOST = "$(BUILT_PRODUCTS_DIR)/FlyingPiglet.app/FlyingPiglet";
			};
			name = Release;
		};
		65B770112362EC7E00B3D14A /* Debug */ = {
			isa = XCBuildConfiguration;
			buildSettings = {
				ALWAYS_EMBED_SWIFT_STANDARD_LIBRARIES = YES;
				CODE_SIGN_STYLE = Automatic;
				INFOPLIST_FILE = FlyingPigletUITests/Info.plist;
				LD_RUNPATH_SEARCH_PATHS = (
					"$(inherited)",
					"@executable_path/Frameworks",
					"@loader_path/Frameworks",
				);
				PRODUCT_BUNDLE_IDENTIFIER = dk.sdu.student.peobl17.FlyingPigletUITests;
				PRODUCT_NAME = "$(TARGET_NAME)";
				SWIFT_VERSION = 5.0;
				TARGETED_DEVICE_FAMILY = "1,2";
				TEST_TARGET_NAME = FlyingPiglet;
			};
			name = Debug;
		};
		65B770122362EC7E00B3D14A /* Release */ = {
			isa = XCBuildConfiguration;
			buildSettings = {
				ALWAYS_EMBED_SWIFT_STANDARD_LIBRARIES = YES;
				CODE_SIGN_STYLE = Automatic;
				INFOPLIST_FILE = FlyingPigletUITests/Info.plist;
				LD_RUNPATH_SEARCH_PATHS = (
					"$(inherited)",
					"@executable_path/Frameworks",
					"@loader_path/Frameworks",
				);
				PRODUCT_BUNDLE_IDENTIFIER = dk.sdu.student.peobl17.FlyingPigletUITests;
				PRODUCT_NAME = "$(TARGET_NAME)";
				SWIFT_VERSION = 5.0;
				TARGETED_DEVICE_FAMILY = "1,2";
				TEST_TARGET_NAME = FlyingPiglet;
			};
			name = Release;
		};
/* End XCBuildConfiguration section */

/* Begin XCConfigurationList section */
		65B76FD72362EC7B00B3D14A /* Build configuration list for PBXProject "FlyingPiglet" */ = {
			isa = XCConfigurationList;
			buildConfigurations = (
				65B770082362EC7E00B3D14A /* Debug */,
				65B770092362EC7E00B3D14A /* Release */,
			);
			defaultConfigurationIsVisible = 0;
			defaultConfigurationName = Release;
		};
		65B7700A2362EC7E00B3D14A /* Build configuration list for PBXNativeTarget "FlyingPiglet" */ = {
			isa = XCConfigurationList;
			buildConfigurations = (
				65B7700B2362EC7E00B3D14A /* Debug */,
				65B7700C2362EC7E00B3D14A /* Release */,
			);
			defaultConfigurationIsVisible = 0;
			defaultConfigurationName = Release;
		};
		65B7700D2362EC7E00B3D14A /* Build configuration list for PBXNativeTarget "FlyingPigletTests" */ = {
			isa = XCConfigurationList;
			buildConfigurations = (
				65B7700E2362EC7E00B3D14A /* Debug */,
				65B7700F2362EC7E00B3D14A /* Release */,
			);
			defaultConfigurationIsVisible = 0;
			defaultConfigurationName = Release;
		};
		65B770102362EC7E00B3D14A /* Build configuration list for PBXNativeTarget "FlyingPigletUITests" */ = {
			isa = XCConfigurationList;
			buildConfigurations = (
				65B770112362EC7E00B3D14A /* Debug */,
				65B770122362EC7E00B3D14A /* Release */,
			);
			defaultConfigurationIsVisible = 0;
			defaultConfigurationName = Release;
		};
/* End XCConfigurationList section */
	};
	rootObject = 65B76FD42362EC7B00B3D14A /* Project object */;
}
